
Microsoft Visual Studio Solution File, Format Version 12.00
# Visual Studio Version 17
VisualStudioVersion = 17.4.33213.308
MinimumVisualStudioVersion = 10.0.40219.1
Project("{FAE04EC0-301F-11D3-BF4B-00C04F79EFBC}") = "zadanie9", "zadanie9\zadanie9.csproj", "{EF754928-40F0-45B7-A9F7-192882478714}"
EndProject
Global
	GlobalSection(SolutionConfigurationPlatforms) = preSolution
		Debug|Any CPU = Debug|Any CPU
		Release|Any CPU = Release|Any CPU
	EndGlobalSection
	GlobalSection(ProjectConfigurationPlatforms) = postSolution
		{EF754928-40F0-45B7-A9F7-192882478714}.Debug|Any CPU.ActiveCfg = Debug|Any CPU
		{EF754928-40F0-45B7-A9F7-192882478714}.Debug|Any CPU.Build.0 = Debug|Any CPU
		{EF754928-40F0-45B7-A9F7-192882478714}.Release|Any CPU.ActiveCfg = Release|Any CPU
		{EF754928-40F0-45B7-A9F7-192882478714}.Release|Any CPU.Build.0 = Release|Any CPU
	EndGlobalSection
	GlobalSection(SolutionProperties) = preSolution
		HideSolutionNode = FALSE
	EndGlobalSection
	GlobalSection(ExtensibilityGlobals) = postSolution
		SolutionGuid = {337B7A94-A819-47C6-9E37-2892C66BBC33}
	EndGlobalSection
EndGlobal
